{
  "cliVersion": "@0.0.237",
  "projects": [
    {
      "id": "madfire307@gmail.com/rapportdestage",
      "codegenVersion": "4.0.1-alpha+1.1691398546476",
      "dependencies": {},
      "lang": "vuejs-3",
      "stack": "front-end",
      "version": 1,
      "fileLocks": [
        {
          "id": "8xYk6NKf6KzBo9tsg8fxPf",
          "path": "src/components/HautDePage/index.vue",
          "type": "component",
          "hash": "d473a6dd133be34edd6d8a62ff0b44108c915616",
          "postLintHash": "a2b31e200242f7213a5049620210bb90151c9b6d",
          "lastModified": "2023-08-07T12:31:57.783Z"
        },
        {
          "id": "8xYk6NKf6KzBo9tsg8fxPf",
          "path": "src/components/HautDePage/store.custom.ts",
          "type": "store",
          "custom": true,
          "hash": "af868831c608cbd19e56543dcb6f37ab06bd39ca"
        },
        {
          "id": "8xYk6NKf6KzBo9tsg8fxPf",
          "path": "src/components/HautDePage/store.ts",
          "type": "store",
          "hash": "ee428b8a07cc0fc661295185c7a9c03c8abcd4af",
          "postLintHash": "2d592ce59e07833d2650c88489a641008c3b36ea",
          "lastModified": "2023-08-07T12:31:57.783Z"
        },
        {
          "id": "8xYk6NKf6KzBo9tsg8fxPf",
          "path": "src/components/HautDePage/style.custom.scss",
          "type": "style",
          "custom": true,
          "hash": "dbabd81fa309a7e40110b779f36dee9946505c69"
        },
        {
          "id": "8xYk6NKf6KzBo9tsg8fxPf",
          "path": "src/components/HautDePage/style.scss",
          "type": "style",
          "hash": "64b90675f7d7543c73f00c71f11659660d2d6db5",
          "postLintHash": "64b90675f7d7543c73f00c71f11659660d2d6db5",
          "lastModified": "2023-08-07T12:31:57.783Z"
        },
        {
          "id": "dZZQbtVoQ68uBVanqcwxUt",
          "name": "en-US",
          "path": "src/pages/Contact/en-US.vue",
          "type": "page",
          "hash": "8a0b1bd0f681858ac65e79230709dafceedad50f",
          "postLintHash": "8a0b1bd0f681858ac65e79230709dafceedad50f",
          "lastModified": "2023-08-07T12:31:57.787Z"
        },
        {
          "id": "dZZQbtVoQ68uBVanqcwxUt",
          "name": "fr-FR",
          "path": "src/pages/Contact/fr-FR.vue",
          "type": "page",
          "hash": "8a0b1bd0f681858ac65e79230709dafceedad50f",
          "postLintHash": "8a0b1bd0f681858ac65e79230709dafceedad50f",
          "lastModified": "2023-08-07T12:31:57.787Z"
        },
        {
          "id": "dZZQbtVoQ68uBVanqcwxUt",
          "name": "index",
          "path": "src/pages/Contact/index.vue",
          "type": "page",
          "hash": "9cfcc329f6860cf47e31f9546b2d6ed58e066ac6",
          "postLintHash": "da568d959e053ea28548ea1cd9445fb1d4403477",
          "lastModified": "2023-08-07T12:31:57.787Z"
        },
        {
          "id": "dZZQbtVoQ68uBVanqcwxUt",
          "path": "src/pages/Contact/store.custom.ts",
          "type": "store",
          "custom": true,
          "hash": "b656141ce3030913c873758ba606a6dfbeb7f35b"
        },
        {
          "id": "dZZQbtVoQ68uBVanqcwxUt",
          "path": "src/pages/Contact/store.ts",
          "type": "store",
          "hash": "1a52ed9292f4814e0a6c1fca6377b9b62f02a52f",
          "postLintHash": "28194f7d92195b4ab56b12289956e6012e8b623f",
          "lastModified": "2023-08-07T12:31:57.787Z"
        },
        {
          "id": "dZZQbtVoQ68uBVanqcwxUt",
          "path": "src/pages/Contact/style.custom.scss",
          "type": "style",
          "custom": true,
          "hash": "dbabd81fa309a7e40110b779f36dee9946505c69"
        },
        {
          "id": "dZZQbtVoQ68uBVanqcwxUt",
          "path": "src/pages/Contact/style.scss",
          "type": "style",
          "hash": "dc9093c61e6fb830138419027821a928dcfeb7a0",
          "postLintHash": "dc9093c61e6fb830138419027821a928dcfeb7a0",
          "lastModified": "2023-08-07T12:31:57.787Z"
        },
        {
          "id": "ewhBRMcu3MNtzNgxWsy4xY",
          "name": "en-US",
          "path": "src/pages/Blog/en-US.vue",
          "type": "page",
          "hash": "8a0b1bd0f681858ac65e79230709dafceedad50f",
          "postLintHash": "8a0b1bd0f681858ac65e79230709dafceedad50f",
          "lastModified": "2023-08-07T12:31:57.787Z"
        },
        {
          "id": "ewhBRMcu3MNtzNgxWsy4xY",
          "name": "fr-FR",
          "path": "src/pages/Blog/fr-FR.vue",
          "type": "page",
          "hash": "8a0b1bd0f681858ac65e79230709dafceedad50f",
          "postLintHash": "8a0b1bd0f681858ac65e79230709dafceedad50f",
          "lastModified": "2023-08-07T12:31:57.787Z"
        },
        {
          "id": "ewhBRMcu3MNtzNgxWsy4xY",
          "name": "index",
          "path": "src/pages/Blog/index.vue",
          "type": "page",
          "hash": "37778eb1ba44510f791021ae42bbdbcad554fe2d",
          "postLintHash": "fdf6628fb6094e6403890065b0e87b674b715293",
          "lastModified": "2023-08-07T12:33:09.657Z"
        },
        {
          "id": "ewhBRMcu3MNtzNgxWsy4xY",
          "path": "src/pages/Blog/store.custom.ts",
          "type": "store",
          "custom": true,
          "hash": "2479bb131a70c3842c0bab6dd223605cdc0e5cf4"
        },
        {
          "id": "ewhBRMcu3MNtzNgxWsy4xY",
          "path": "src/pages/Blog/store.ts",
          "type": "store",
          "hash": "da8fee87877e6ce43ea188fabc42caa2a7b47ce0",
          "postLintHash": "cd4a53eb04680b2417cb4f20e23c71a5e640a453",
          "lastModified": "2023-08-07T12:33:09.657Z"
        },
        {
          "id": "ewhBRMcu3MNtzNgxWsy4xY",
          "path": "src/pages/Blog/style.custom.scss",
          "type": "style",
          "custom": true,
          "hash": "dbabd81fa309a7e40110b779f36dee9946505c69"
        },
        {
          "id": "ewhBRMcu3MNtzNgxWsy4xY",
          "path": "src/pages/Blog/style.scss",
          "type": "style",
          "hash": "f831f3a66ca907f0eb78a43e99fd972425d6ebe2",
          "postLintHash": "f831f3a66ca907f0eb78a43e99fd972425d6ebe2",
          "lastModified": "2023-08-07T12:31:57.787Z"
        },
        {
          "id": "iMBUuXs9bVnVL6MeWWh5k8",
          "name": "en-US",
          "path": "src/pages/Cv/en-US.vue",
          "type": "page",
          "hash": "8a0b1bd0f681858ac65e79230709dafceedad50f",
          "postLintHash": "8a0b1bd0f681858ac65e79230709dafceedad50f",
          "lastModified": "2023-08-07T12:31:57.787Z"
        },
        {
          "id": "iMBUuXs9bVnVL6MeWWh5k8",
          "name": "fr-FR",
          "path": "src/pages/Cv/fr-FR.vue",
          "type": "page",
          "hash": "8a0b1bd0f681858ac65e79230709dafceedad50f",
          "postLintHash": "8a0b1bd0f681858ac65e79230709dafceedad50f",
          "lastModified": "2023-08-07T12:31:57.787Z"
        },
        {
          "id": "iMBUuXs9bVnVL6MeWWh5k8",
          "name": "index",
          "path": "src/pages/Cv/index.vue",
          "type": "page",
          "hash": "6380474b973409c2a871d48f80f95f7d93b16730",
          "postLintHash": "35aa7ae5fa5f2d44ec64971957bfadfb4ea89c88",
          "lastModified": "2023-08-07T12:31:57.787Z"
        },
        {
          "id": "iMBUuXs9bVnVL6MeWWh5k8",
          "path": "src/pages/Cv/store.custom.ts",
          "type": "store",
          "custom": true,
          "hash": "1b37de91a35dfe74b0f587aead536959f49a34a0"
        },
        {
          "id": "iMBUuXs9bVnVL6MeWWh5k8",
          "path": "src/pages/Cv/store.ts",
          "type": "store",
          "hash": "3bf45e3368b697d566cebd108f393d0d8243aa70",
          "postLintHash": "1c52ed86e6ee5615988926750b69f84078a5208d",
          "lastModified": "2023-08-07T12:31:57.787Z"
        },
        {
          "id": "iMBUuXs9bVnVL6MeWWh5k8",
          "path": "src/pages/Cv/style.custom.scss",
          "type": "style",
          "custom": true,
          "hash": "dbabd81fa309a7e40110b779f36dee9946505c69"
        },
        {
          "id": "iMBUuXs9bVnVL6MeWWh5k8",
          "path": "src/pages/Cv/style.scss",
          "type": "style",
          "hash": "c9c479a433f6d5b25d905972e73d8c0adb06b239",
          "postLintHash": "c9c479a433f6d5b25d905972e73d8c0adb06b239",
          "lastModified": "2023-08-07T12:31:57.787Z"
        },
        {
          "id": "mSW7ZWEFXiMEFv17jvDB89",
          "name": "en-US",
          "path": "src/pages/Index/en-US.vue",
          "type": "page",
          "hash": "aaa08fa08be066c07f1b90cd3b3a2d2c139dcef5",
          "postLintHash": "aaa08fa08be066c07f1b90cd3b3a2d2c139dcef5",
          "lastModified": "2023-08-07T12:31:57.787Z"
        },
        {
          "id": "mSW7ZWEFXiMEFv17jvDB89",
          "name": "fr-FR",
          "path": "src/pages/Index/fr-FR.vue",
          "type": "page",
          "hash": "eaa60bb70ea1b06f4d425288eb836b3f76a4e670",
          "postLintHash": "eaa60bb70ea1b06f4d425288eb836b3f76a4e670",
          "lastModified": "2023-08-07T12:31:57.787Z"
        },
        {
          "id": "mSW7ZWEFXiMEFv17jvDB89",
          "name": "index",
          "path": "src/pages/index.vue",
          "type": "page",
          "hash": "abd5fe1a413d94a6637dbf3a1a4d20d6932473ea",
          "postLintHash": "03d7142dad8c94332d17ddee3aeb233d9e1ef293",
          "lastModified": "2023-08-07T12:31:57.787Z"
        },
        {
          "id": "mSW7ZWEFXiMEFv17jvDB89",
          "path": "src/pages/Index/store.custom.ts",
          "type": "store",
          "custom": true,
          "hash": "5c57fe35ebecc100c68d3e695769a3e0f2ec9d2c"
        },
        {
          "id": "mSW7ZWEFXiMEFv17jvDB89",
          "path": "src/pages/Index/store.ts",
          "type": "store",
          "hash": "e786eec33af691b513078fc674f84bc767adb745",
          "postLintHash": "ffa9fc1a4ffdbb1260a7216f756b7dfe7d2220d7",
          "lastModified": "2023-08-07T12:33:09.657Z"
        },
        {
          "id": "mSW7ZWEFXiMEFv17jvDB89",
          "path": "src/pages/Index/style.custom.scss",
          "type": "style",
          "custom": true,
          "hash": "dbabd81fa309a7e40110b779f36dee9946505c69"
        },
        {
          "id": "mSW7ZWEFXiMEFv17jvDB89",
          "path": "src/pages/Index/style.scss",
          "type": "style",
          "hash": "45c005677b38462742fbd12e53bfc5c8e8c3d7cb",
          "postLintHash": "45c005677b38462742fbd12e53bfc5c8e8c3d7cb",
          "lastModified": "2023-08-07T12:31:57.787Z"
        },
        {
          "id": "tBTcs7pekpmrQHtjUsaEgV",
          "name": "en-US",
          "path": "src/pages/HautDePage/en-US.vue",
          "type": "page",
          "hash": "8a0b1bd0f681858ac65e79230709dafceedad50f",
          "postLintHash": "8a0b1bd0f681858ac65e79230709dafceedad50f",
          "lastModified": "2023-08-07T12:31:57.787Z"
        },
        {
          "id": "tBTcs7pekpmrQHtjUsaEgV",
          "name": "fr-FR",
          "path": "src/pages/HautDePage/fr-FR.vue",
          "type": "page",
          "hash": "8a0b1bd0f681858ac65e79230709dafceedad50f",
          "postLintHash": "8a0b1bd0f681858ac65e79230709dafceedad50f",
          "lastModified": "2023-08-07T12:31:57.787Z"
        },
        {
          "id": "tBTcs7pekpmrQHtjUsaEgV",
          "name": "index",
          "path": "src/pages/HautDePage/index.vue",
          "type": "page",
          "hash": "5ce7c6d1442c504a903ae17756fcc3f01720a374",
          "postLintHash": "51fc27f256c9234a2ee710e1f9d355e47dcfd38d",
          "lastModified": "2023-08-07T12:31:57.787Z"
        },
        {
          "id": "tBTcs7pekpmrQHtjUsaEgV",
          "path": "src/pages/HautDePage/store.custom.ts",
          "type": "store",
          "custom": true,
          "hash": "0cc0cf01b2cee01442ea65c363d3b3ef6e29bcff"
        },
        {
          "id": "tBTcs7pekpmrQHtjUsaEgV",
          "path": "src/pages/HautDePage/store.ts",
          "type": "store",
          "hash": "40fbccc0305a1081d52c63a48c44fc01c93f0608",
          "postLintHash": "ca432bfe4cab11b0046ecb482a223bf771c1ed00",
          "lastModified": "2023-08-07T12:31:57.787Z"
        },
        {
          "id": "tBTcs7pekpmrQHtjUsaEgV",
          "path": "src/pages/HautDePage/style.custom.scss",
          "type": "style",
          "custom": true,
          "hash": "dbabd81fa309a7e40110b779f36dee9946505c69"
        },
        {
          "id": "tBTcs7pekpmrQHtjUsaEgV",
          "path": "src/pages/HautDePage/style.scss",
          "type": "style",
          "hash": "8a6f1518fdb934d274ca809dd0119267f28cc918",
          "postLintHash": "8a6f1518fdb934d274ca809dd0119267f28cc918",
          "lastModified": "2023-08-07T12:31:57.787Z"
        },
        {
          "id": "tMB7HRyJC9n7BB4A99AK7M",
          "path": "src/components/Bouton/index.vue",
          "type": "component",
          "hash": "b52b71303672964a7cdf07047701c6d4339f6867",
          "postLintHash": "3b3331dd3d3e9f5b359e8b1fcdceaaf46b839b15",
          "lastModified": "2023-08-07T12:31:57.783Z"
        },
        {
          "id": "tMB7HRyJC9n7BB4A99AK7M",
          "path": "src/components/Bouton/store.custom.ts",
          "type": "store",
          "custom": true,
          "hash": "db0f282fb4df31dbccae101190c6e0cdbc9a8cef"
        },
        {
          "id": "tMB7HRyJC9n7BB4A99AK7M",
          "path": "src/components/Bouton/store.ts",
          "type": "store",
          "hash": "b84985c74c83aa565d36be9bc9860f26d618084f",
          "postLintHash": "c85e3a029d129e826bc0fd6810d11bcca43a6605",
          "lastModified": "2023-08-07T12:31:57.783Z"
        },
        {
          "id": "tMB7HRyJC9n7BB4A99AK7M",
          "path": "src/components/Bouton/style.custom.scss",
          "type": "style",
          "custom": true,
          "hash": "dbabd81fa309a7e40110b779f36dee9946505c69"
        },
        {
          "id": "tMB7HRyJC9n7BB4A99AK7M",
          "path": "src/components/Bouton/style.scss",
          "type": "style",
          "hash": "765f248fe14e8d9f1c125bcb50c12d0355c002ed",
          "postLintHash": "765f248fe14e8d9f1c125bcb50c12d0355c002ed",
          "lastModified": "2023-08-07T12:31:57.783Z"
        },
        {
          "id": "ueGFE5czAEgAf4rx1KSeB6",
          "name": "en-US",
          "path": "src/pages/MonParcours/en-US.vue",
          "type": "page",
          "hash": "8a0b1bd0f681858ac65e79230709dafceedad50f",
          "postLintHash": "8a0b1bd0f681858ac65e79230709dafceedad50f",
          "lastModified": "2023-08-07T12:31:57.787Z"
        },
        {
          "id": "ueGFE5czAEgAf4rx1KSeB6",
          "name": "fr-FR",
          "path": "src/pages/MonParcours/fr-FR.vue",
          "type": "page",
          "hash": "8a0b1bd0f681858ac65e79230709dafceedad50f",
          "postLintHash": "8a0b1bd0f681858ac65e79230709dafceedad50f",
          "lastModified": "2023-08-07T12:31:57.787Z"
        },
        {
          "id": "ueGFE5czAEgAf4rx1KSeB6",
          "name": "index",
          "path": "src/pages/MonParcours/index.vue",
          "type": "page",
          "hash": "e2e718cc0c27aeb5af9e30295d8c01d6d162bda0",
          "postLintHash": "408238530a93cb0a08e71921d5c89334bef3ac59",
          "lastModified": "2023-08-07T12:31:57.787Z"
        },
        {
          "id": "ueGFE5czAEgAf4rx1KSeB6",
          "path": "src/pages/MonParcours/store.custom.ts",
          "type": "store",
          "custom": true,
          "hash": "bb75a74313d2438ab686e5ee88502502ec726b8d"
        },
        {
          "id": "ueGFE5czAEgAf4rx1KSeB6",
          "path": "src/pages/MonParcours/store.ts",
          "type": "store",
          "hash": "13ae5817cc31d83af71377f3b7dc2af252cc0db5",
          "postLintHash": "b43337ad8c34ff37f71936e93f27bb4029526862",
          "lastModified": "2023-08-07T12:31:57.787Z"
        },
        {
          "id": "ueGFE5czAEgAf4rx1KSeB6",
          "path": "src/pages/MonParcours/style.custom.scss",
          "type": "style",
          "custom": true,
          "hash": "dbabd81fa309a7e40110b779f36dee9946505c69"
        },
        {
          "id": "ueGFE5czAEgAf4rx1KSeB6",
          "path": "src/pages/MonParcours/style.scss",
          "type": "style",
          "hash": "b64ea51579945b35f7872330a8dd5fa0c775922b",
          "postLintHash": "b64ea51579945b35f7872330a8dd5fa0c775922b",
          "lastModified": "2023-08-07T12:31:57.787Z"
        },
        {
          "id": "xyTKFGvJ6A6xBoVcsu7gA8",
          "name": "404",
          "path": "src/pages/[...all].vue",
          "type": "page",
          "hash": "33ad2e959a9683b8b08e0e985d73e1a2e8b86f6e",
          "postLintHash": "7be18711915c5b85d6d6c66191633acb328b625d",
          "lastModified": "2023-08-07T12:31:57.787Z"
        },
        {
          "id": "xyTKFGvJ6A6xBoVcsu7gA8",
          "path": "src/pages/Page404/store.custom.ts",
          "type": "store",
          "custom": true,
          "hash": "8fa7ae406c3ddb01328ce15ce040eac109f48ae2"
        },
        {
          "id": "xyTKFGvJ6A6xBoVcsu7gA8",
          "path": "src/pages/Page404/store.ts",
          "type": "store",
          "hash": "46f4405502de559913686397d9d4fcad1dd0b3cc",
          "postLintHash": "c5d77464778fe95d7dd9c88c5fcbed4825346a4b",
          "lastModified": "2023-08-07T12:31:57.787Z"
        },
        {
          "id": "xyTKFGvJ6A6xBoVcsu7gA8",
          "path": "src/pages/Page404/style.custom.scss",
          "type": "style",
          "custom": true,
          "hash": "dbabd81fa309a7e40110b779f36dee9946505c69"
        },
        {
          "id": "xyTKFGvJ6A6xBoVcsu7gA8",
          "path": "src/pages/Page404/style.scss",
          "type": "style",
          "hash": "faee0e4433fb983d6ccf99cb754ed653953b1303",
          "postLintHash": "faee0e4433fb983d6ccf99cb754ed653953b1303",
          "lastModified": "2023-08-07T12:31:57.787Z"
        },
        {
          "path": "public/favicon.png",
          "type": "asset",
          "hash": "8dc8c9ce937e52b29f34e13a2d7f4bea0c5d0267",
          "postLintHash": "2adccf2b7ced8ad40033b7ca90980365722801c6",
          "lastModified": "2023-08-07T12:31:57.783Z"
        },
        {
          "path": "public/pwa-192x192.png",
          "type": "asset",
          "hash": "6bbda08fdfcbbb576ad55fdb7743e651cd62bbbf",
          "postLintHash": "17c410d9e23067650dd5e488dd7499963756f53c",
          "lastModified": "2023-08-07T12:31:57.783Z"
        },
        {
          "path": "public/pwa-512x512.png",
          "type": "asset",
          "hash": "dca45f85a385b4d0133aa64290f4bb6456ed722e",
          "postLintHash": "29e2b307d5fe071ccbabfe3b6f6001d05367f233",
          "lastModified": "2023-08-07T12:31:57.783Z"
        },
        {
          "path": ".github/workflows/kapix-action.yml",
          "type": "internal",
          "custom": true,
          "hash": "c7f2e63cf6d16c0367919de1463ae70679f6c22a"
        },
        {
          "path": ".gitlab-ci.yml",
          "type": "internal",
          "custom": true,
          "hash": "40e636ca6752a0d882418010812b80c155763a29"
        },
        {
          "path": ".vscode/settings.json",
          "type": "internal",
          "hash": "541b28dd57abb3ea544c29143420ed4e462a8c05",
          "postLintHash": "541b28dd57abb3ea544c29143420ed4e462a8c05",
          "lastModified": "2023-08-07T12:31:57.779Z"
        },
        {
          "path": "index.html",
          "type": "internal",
          "custom": true,
          "hash": "c2b84ed07fea4133bf02d6de14746dcbba699081"
        },
        {
          "path": "src/app-info.json",
          "type": "internal",
          "hash": "9fb5be3c55828378127d092ec5e100a10f5c08c3",
          "postLintHash": "9fb5be3c55828378127d092ec5e100a10f5c08c3",
          "lastModified": "2023-08-07T12:31:57.783Z"
        },
        {
          "path": "src/dynamicRoutes.ts",
          "type": "internal",
          "custom": true,
          "hash": "a83f19b70108afc290ecca06964cb95324d245aa"
        },
        {
          "path": "src/main.ts",
          "type": "internal",
          "custom": true,
          "hash": "d0b837704a9f4c94f117b9cee584b8bf32427d8b"
        },
        {
          "path": "src/shims.d.ts",
          "type": "internal",
          "hash": "3fd5773fa14ec19711924d09177a2bbaac12f452",
          "postLintHash": "3fd5773fa14ec19711924d09177a2bbaac12f452",
          "lastModified": "2023-08-07T12:31:57.787Z"
        },
        {
          "path": "src/stores/appAuthentication.custom.ts",
          "type": "store",
          "custom": true,
          "hash": "989028e21a93c7c7b88bac7e80e4139192f1b026"
        },
        {
          "path": "src/stores/appAuthentication.ts",
          "type": "store",
          "hash": "fc3c324cde2b0fb7d23d57a3696fd3a55c32d05f",
          "postLintHash": "d0b5ad4d214672683625ab0f88c0e6e8dc749747",
          "lastModified": "2023-08-07T12:31:57.787Z"
        },
        {
          "path": "src/stores/appData.custom.ts",
          "type": "store",
          "custom": true,
          "hash": "e25f2e9d8a32fd53e09db647b267d32540d984de"
        },
        {
          "path": "src/stores/appData.ts",
          "type": "store",
          "hash": "bcc6be7f04cb158d15328f085f48db6fa1b1dcd4",
          "postLintHash": "e6a488ed0e6b5485c4d53e73bf0e8cc11ed7f874",
          "lastModified": "2023-08-07T12:31:57.787Z"
        },
        {
          "path": "src/stores/index.ts",
          "type": "store",
          "hash": "e14eee2b36f433a0619e96e2aeabc3806edc3c83",
          "postLintHash": "e14eee2b36f433a0619e96e2aeabc3806edc3c83",
          "lastModified": "2023-08-07T12:31:57.787Z"
        }
      ]
    }
  ]
}